
Microsoft Visual Studio Solution File, Format Version 12.00
# Visual Studio Version 16
VisualStudioVersion = 16.0.29009.5
MinimumVisualStudioVersion = 10.0.40219.1
Project("{FAE04EC0-301F-11D3-BF4B-00C04F79EFBC}") = "BorradoSeguroSRVFILE", "BorradoSeguroSRVFILE.csproj", "{3E7C1B5D-7269-42C4-84EC-615655FFDB59}"
EndProject
Global
	GlobalSection(SolutionConfigurationPlatforms) = preSolution
		Debug|Any CPU = Debug|Any CPU
		Release|Any CPU = Release|Any CPU
	EndGlobalSection
	GlobalSection(ProjectConfigurationPlatforms) = postSolution
		{3E7C1B5D-7269-42C4-84EC-615655FFDB59}.Debug|Any CPU.ActiveCfg = Debug|Any CPU
		{3E7C1B5D-7269-42C4-84EC-615655FFDB59}.Debug|Any CPU.Build.0 = Debug|Any CPU
		{3E7C1B5D-7269-42C4-84EC-615655FFDB59}.Release|Any CPU.ActiveCfg = Release|Any CPU
		{3E7C1B5D-7269-42C4-84EC-615655FFDB59}.Release|Any CPU.Build.0 = Release|Any CPU
	EndGlobalSection
	GlobalSection(SolutionProperties) = preSolution
		HideSolutionNode = FALSE
	EndGlobalSection
	GlobalSection(ExtensibilityGlobals) = postSolution
		SolutionGuid = {257CA719-50DD-438D-8DAE-C99AABB50C93}
	EndGlobalSection
EndGlobal
